{
  "nodes": {
    "nixpkgs": {
      "locked": {
        "lastModified": 1787070829,
        "narHash": "sha256-vXNVDVtvfiQuXthP0NHPFdNvvMTkGpx0UP8oddIWbNk=",
        "owner": "NixOS",
        "repo": "nixpkgs",
        "rev": "0ae2bc1419c3f345984c2629e72e7a631820fa4d",
        "type": "github"
      },
      "original": {
        "owner": "NixOS",
        "ref": "nixos-unstable",
        "repo": "nixpkgs",
        "type": "github"
      }
    },
    "offset-calc-osu-stable": {
      "inputs": {
        "nixpkgs": [
          "nixpkgs"
        ]
      },
      "locked": {
        "lastModified": 1787181587,
        "narHash": "sha256-uKCwsNzmVuqqRzNkEJKzo06sQmg4dQpHBb51fp8/JZA=",
        "owner": "gaavin",
        "repo": "offset-calc-osu-stable",
        "rev": "2067a589f24ee232124bb9cc09f42149bf9947c6",
        "type": "github"
      },
      "original": {
        "owner": "gaavin",
        "repo": "offset-calc-osu-stable",
        "type": "github"
      }
    },
    "root": {
      "inputs": {
        "nixpkgs": "nixpkgs",
        "offset-calc-osu-stable": "offset-calc-osu-stable"
      }
    }
  },
  "root": "root",
  "version": 7
}
