{
  "nodes": {
    "nixpkgs": {
      "locked": {
        "lastModified": 1787070829,
        "narHash": "sha256-vXNVDVtvfiQuXthP0NHPFdNvvMTkGpx0UP8oddIWbNk=",
        "owner": "NixOS",
        "repo": "nixpkgs",
        "rev": "0ae2bc1419c3f345984c2629e72e7a631820fa4d",
        "type": "github"
      },
      "original": {
        "owner": "NixOS",
        "ref": "nixos-unstable",
        "repo": "nixpkgs",
        "type": "github"
      }
    },
    "offset-calc-osu-stable": {
      "inputs": {
        "nixpkgs": [
          "nixpkgs"
        ]
      },
      "locked": {
        "lastModified": 1787184547,
        "narHash": "sha256-Hn2WsSC1K9b0/Icv36AvzdbymVpDe9bkKP5MwseyaE8=",
        "owner": "gaavin",
        "repo": "offset-calc-osu-stable",
        "rev": "69e9e84213070eac2eef82217648b847a307b866",
        "type": "github"
      },
      "original": {
        "owner": "gaavin",
        "repo": "offset-calc-osu-stable",
        "type": "github"
      }
    },
    "root": {
      "inputs": {
        "nixpkgs": "nixpkgs",
        "offset-calc-osu-stable": "offset-calc-osu-stable"
      }
    }
  },
  "root": "root",
  "version": 7
}
