{
  "nodes": {
    "nixpkgs": {
      "locked": {
        "lastModified": 1785090369,
        "narHash": "sha256-m0pDuRJG7EDo9ri+4Ksu83VsI+PlxNC9lNBfydejce4=",
        "owner": "NixOS",
        "repo": "nixpkgs",
        "rev": "624af665418d3c65d544145b4d34ad696439570e",
        "type": "github"
      },
      "original": {
        "owner": "NixOS",
        "ref": "nixos-unstable",
        "repo": "nixpkgs",
        "type": "github"
      }
    },
    "offset-calc-osu-stable": {
      "inputs": {
        "nixpkgs": [
          "nixpkgs"
        ]
      },
      "locked": {
        "lastModified": 1787177310,
        "narHash": "sha256-WAML9KftVoNt7VEbZVy5PCHUOOh1P+JCOJU8+4tEFuc=",
        "owner": "gaavin",
        "repo": "offset-calc-osu-stable",
        "rev": "479655da4301bb1d5e6485883517e4d1d3f37512",
        "type": "github"
      },
      "original": {
        "owner": "gaavin",
        "repo": "offset-calc-osu-stable",
        "type": "github"
      }
    },
    "root": {
      "inputs": {
        "nixpkgs": "nixpkgs",
        "offset-calc-osu-stable": "offset-calc-osu-stable"
      }
    }
  },
  "root": "root",
  "version": 7
}
